
Microsoft Visual Studio Solution File, Format Version 12.00
# Visual Studio Version 17
VisualStudioVersion = 17.5.33414.496
MinimumVisualStudioVersion = 10.0.40219.1
Project("{FAE04EC0-301F-11D3-BF4B-00C04F79EFBC}") = "14AprelTaskHome", "14AprelTaskHome\14AprelTaskHome.csproj", "{121666BE-A570-4C62-A91D-EA6E09E6DEB5}"
EndProject
Global
	GlobalSection(SolutionConfigurationPlatforms) = preSolution
		Debug|Any CPU = Debug|Any CPU
		Release|Any CPU = Release|Any CPU
	EndGlobalSection
	GlobalSection(ProjectConfigurationPlatforms) = postSolution
		{121666BE-A570-4C62-A91D-EA6E09E6DEB5}.Debug|Any CPU.ActiveCfg = Debug|Any CPU
		{121666BE-A570-4C62-A91D-EA6E09E6DEB5}.Debug|Any CPU.Build.0 = Debug|Any CPU
		{121666BE-A570-4C62-A91D-EA6E09E6DEB5}.Release|Any CPU.ActiveCfg = Release|Any CPU
		{121666BE-A570-4C62-A91D-EA6E09E6DEB5}.Release|Any CPU.Build.0 = Release|Any CPU
	EndGlobalSection
	GlobalSection(SolutionProperties) = preSolution
		HideSolutionNode = FALSE
	EndGlobalSection
	GlobalSection(ExtensibilityGlobals) = postSolution
		SolutionGuid = {2EE63872-C320-40DC-BC27-6EA54CBB18D9}
	EndGlobalSection
EndGlobal
